
Microsoft Visual Studio Solution File, Format Version 12.00
# Visual Studio Version 17
VisualStudioVersion = 17.4.33205.214
MinimumVisualStudioVersion = 10.0.40219.1
Project("{FAE04EC0-301F-11D3-BF4B-00C04F79EFBC}") = "IoTProjekt.Console", "IoTProjekt\IoTProjekt.Console.csproj", "{4E1DE10E-9461-45B5-A9D8-9D36AED354A9}"
EndProject
Project("{FAE04EC0-301F-11D3-BF4B-00C04F79EFBC}") = "IoTProjekt.Device", "IoTProjekt.Device\IoTProjekt.Device.csproj", "{E538296C-9B59-4F51-8429-4B84862BA7FD}"
EndProject
Global
	GlobalSection(SolutionConfigurationPlatforms) = preSolution
		Debug|Any CPU = Debug|Any CPU
		Release|Any CPU = Release|Any CPU
	EndGlobalSection
	GlobalSection(ProjectConfigurationPlatforms) = postSolution
		{4E1DE10E-9461-45B5-A9D8-9D36AED354A9}.Debug|Any CPU.ActiveCfg = Debug|Any CPU
		{4E1DE10E-9461-45B5-A9D8-9D36AED354A9}.Debug|Any CPU.Build.0 = Debug|Any CPU
		{4E1DE10E-9461-45B5-A9D8-9D36AED354A9}.Release|Any CPU.ActiveCfg = Release|Any CPU
		{4E1DE10E-9461-45B5-A9D8-9D36AED354A9}.Release|Any CPU.Build.0 = Release|Any CPU
		{E538296C-9B59-4F51-8429-4B84862BA7FD}.Debug|Any CPU.ActiveCfg = Debug|Any CPU
		{E538296C-9B59-4F51-8429-4B84862BA7FD}.Debug|Any CPU.Build.0 = Debug|Any CPU
		{E538296C-9B59-4F51-8429-4B84862BA7FD}.Release|Any CPU.ActiveCfg = Release|Any CPU
		{E538296C-9B59-4F51-8429-4B84862BA7FD}.Release|Any CPU.Build.0 = Release|Any CPU
	EndGlobalSection
	GlobalSection(SolutionProperties) = preSolution
		HideSolutionNode = FALSE
	EndGlobalSection
	GlobalSection(ExtensibilityGlobals) = postSolution
		SolutionGuid = {2F9C4083-2738-45A0-B27D-8EFB9787E92A}
	EndGlobalSection
EndGlobal
